// !$*UTF8*$!
{
	archiveVersion = 1;
	classes = {
	};
	objectVersion = 46;
	objects = {

/* Begin PBXBuildFile section */
		D74FF14B1F04A48A003B5C94 /* PlaySoundsViewController.swift in Sources */ = {isa = PBXBuildFile; fileRef = D74FF14A1F04A48A003B5C94 /* PlaySoundsViewController.swift */; };
		D766DDF31F04B87200AF6874 /* playsoundsviewcontroller-audio.swift in Sources */ = {isa = PBXBuildFile; fileRef = D766DDF21F04B87200AF6874 /* playsoundsviewcontroller-audio.swift */; };
		D7726D841F03658800B8F6AB /* AppDelegate.swift in Sources */ = {isa = PBXBuildFile; fileRef = D7726D831F03658800B8F6AB /* AppDelegate.swift */; };
		D7726D861F03658800B8F6AB /* RecordSoundsViewController.swift in Sources */ = {isa = PBXBuildFile; fileRef = D7726D851F03658800B8F6AB /* RecordSoundsViewController.swift */; };
		D7726D891F03658800B8F6AB /* Main.storyboard in Resources */ = {isa = PBXBuildFile; fileRef = D7726D871F03658800B8F6AB /* Main.storyboard */; };
		D7726D8B1F03658800B8F6AB /* Assets.xcassets in Resources */ = {isa = PBXBuildFile; fileRef = D7726D8A1F03658800B8F6AB /* Assets.xcassets */; };
		D7726D8E1F03658800B8F6AB /* LaunchScreen.storyboard in Resources */ = {isa = PBXBuildFile; fileRef = D7726D8C1F03658800B8F6AB /* LaunchScreen.storyboard */; };
/* End PBXBuildFile section */

/* Begin PBXFileReference section */
		D74FF14A1F04A48A003B5C94 /* PlaySoundsViewController.swift */ = {isa = PBXFileReference; fileEncoding = 4; lastKnownFileType = sourcecode.swift; path = PlaySoundsViewController.swift; sourceTree = "<group>"; };
		D766DDF21F04B87200AF6874 /* playsoundsviewcontroller-audio.swift */ = {isa = PBXFileReference; fileEncoding = 4; lastKnownFileType = sourcecode.swift; path = "playsoundsviewcontroller-audio.swift"; sourceTree = "<group>"; };
		D7726D801F03658800B8F6AB /* PitchPerfect.app */ = {isa = PBXFileReference; explicitFileType = wrapper.application; includeInIndex = 0; path = PitchPerfect.app; sourceTree = BUILT_PRODUCTS_DIR; };
		D7726D831F03658800B8F6AB /* AppDelegate.swift */ = {isa = PBXFileReference; lastKnownFileType = sourcecode.swift; path = AppDelegate.swift; sourceTree = "<group>"; };
		D7726D851F03658800B8F6AB /* RecordSoundsViewController.swift */ = {isa = PBXFileReference; lastKnownFileType = sourcecode.swift; path = RecordSoundsViewController.swift; sourceTree = "<group>"; };
		D7726D881F03658800B8F6AB /* Base */ = {isa = PBXFileReference; lastKnownFileType = file.storyboard; name = Base; path = Base.lproj/Main.storyboard; sourceTree = "<group>"; };
		D7726D8A1F03658800B8F6AB /* Assets.xcassets */ = {isa = PBXFileReference; lastKnownFileType = folder.assetcatalog; path = Assets.xcassets; sourceTree = "<group>"; };
		D7726D8D1F03658800B8F6AB /* Base */ = {isa = PBXFileReference; lastKnownFileType = file.storyboard; name = Base; path = Base.lproj/LaunchScreen.storyboard; sourceTree = "<group>"; };
		D7726D8F1F03658800B8F6AB /* Info.plist */ = {isa = PBXFileReference; lastKnownFileType = text.plist.xml; path = Info.plist; sourceTree = "<group>"; };
/* End PBXFileReference section */

/* Begin PBXFrameworksBuildPhase section */
		D7726D7D1F03658800B8F6AB /* Frameworks */ = {
			isa = PBXFrameworksBuildPhase;
			buildActionMask = 2147483647;
			files = (
			);
			runOnlyForDeploymentPostprocessing = 0;
		};
/* End PBXFrameworksBuildPhase section */

/* Begin PBXGroup section */
		D7726D771F03658800B8F6AB = {
			isa = PBXGroup;
			children = (
				D7726D821F03658800B8F6AB /* PitchPerfect */,
				D7726D811F03658800B8F6AB /* Products */,
			);
			sourceTree = "<group>";
		};
		D7726D811F03658800B8F6AB /* Products */ = {
			isa = PBXGroup;
			children = (
				D7726D801F03658800B8F6AB /* PitchPerfect.app */,
			);
			name = Products;
			sourceTree = "<group>";
		};
		D7726D821F03658800B8F6AB /* PitchPerfect */ = {
			isa = PBXGroup;
			children = (
				D766DDF21F04B87200AF6874 /* playsoundsviewcontroller-audio.swift */,
				D7726D831F03658800B8F6AB /* AppDelegate.swift */,
				D7726D851F03658800B8F6AB /* RecordSoundsViewController.swift */,
				D7726D871F03658800B8F6AB /* Main.storyboard */,
				D7726D8A1F03658800B8F6AB /* Assets.xcassets */,
				D7726D8C1F03658800B8F6AB /* LaunchScreen.storyboard */,
				D7726D8F1F03658800B8F6AB /* Info.plist */,
				D74FF14A1F04A48A003B5C94 /* PlaySoundsViewController.swift */,
			);
			path = PitchPerfect;
			sourceTree = "<group>";
		};
/* End PBXGroup section */

/* Begin PBXNativeTarget section */
		D7726D7F1F03658800B8F6AB /* PitchPerfect */ = {
			isa = PBXNativeTarget;
			buildConfigurationList = D7726D921F03658800B8F6AB /* Build configuration list for PBXNativeTarget "PitchPerfect" */;
			buildPhases = (
				D7726D7C1F03658800B8F6AB /* Sources */,
				D7726D7D1F03658800B8F6AB /* Frameworks */,
				D7726D7E1F03658800B8F6AB /* Resources */,
			);
			buildRules = (
			);
			dependencies = (
			);
			name = PitchPerfect;
			productName = PitchPerfect;
			productReference = D7726D801F03658800B8F6AB /* PitchPerfect.app */;
			productType = "com.apple.product-type.application";
		};
/* End PBXNativeTarget section */

/* Begin PBXProject section */
		D7726D781F03658800B8F6AB /* Project object */ = {
			isa = PBXProject;
			attributes = {
				LastSwiftUpdateCheck = 0830;
				LastUpgradeCheck = 0830;
				ORGANIZATIONNAME = DenverCoder;
				TargetAttributes = {
					D7726D7F1F03658800B8F6AB = {
						CreatedOnToolsVersion = 8.3.3;
						DevelopmentTeam = 88UZ84VZEF;
						ProvisioningStyle = Automatic;
					};
				};
			};
			buildConfigurationList = D7726D7B1F03658800B8F6AB /* Build configuration list for PBXProject "PitchPerfect" */;
			compatibilityVersion = "Xcode 3.2";
			developmentRegion = English;
			hasScannedForEncodings = 0;
			knownRegions = (
				en,
				Base,
			);
			mainGroup = D7726D771F03658800B8F6AB;
			productRefGroup = D7726D811F03658800B8F6AB /* Products */;
			projectDirPath = "";
			projectRoot = "";
			targets = (
				D7726D7F1F03658800B8F6AB /* PitchPerfect */,
			);
		};
/* End PBXProject section */

/* Begin PBXResourcesBuildPhase section */
		D7726D7E1F03658800B8F6AB /* Resources */ = {
			isa = PBXResourcesBuildPhase;
			buildActionMask = 2147483647;
			files = (
				D7726D8E1F03658800B8F6AB /* LaunchScreen.storyboard in Resources */,
				D7726D8B1F03658800B8F6AB /* Assets.xcassets in Resources */,
				D7726D891F03658800B8F6AB /* Main.storyboard in Resources */,
			);
			runOnlyForDeploymentPostprocessing = 0;
		};
/* End PBXResourcesBuildPhase section */

/* Begin PBXSourcesBuildPhase section */
		D7726D7C1F03658800B8F6AB /* Sources */ = {
			isa = PBXSourcesBuildPhase;
			buildActionMask = 2147483647;
			files = (
				D7726D861F03658800B8F6AB /* RecordSoundsViewController.swift in Sources */,
				D74FF14B1F04A48A003B5C94 /* PlaySoundsViewController.swift in Sources */,
				D7726D841F03658800B8F6AB /* AppDelegate.swift in Sources */,
				D766DDF31F04B87200AF6874 /* playsoundsviewcontroller-audio.swift in Sources */,
			);
			runOnlyForDeploymentPostprocessing = 0;
		};
/* End PBXSourcesBuildPhase section */

/* Begin PBXVariantGroup section */
		D7726D871F03658800B8F6AB /* Main.storyboard */ = {
			isa = PBXVariantGroup;
			children = (
				D7726D881F03658800B8F6AB /* Base */,
			);
			name = Main.storyboard;
			sourceTree = "<group>";
		};
		D7726D8C1F03658800B8F6AB /* LaunchScreen.storyboard */ = {
			isa = PBXVariantGroup;
			children = (
				D7726D8D1F03658800B8F6AB /* Base */,
			);
			name = LaunchScreen.storyboard;
			sourceTree = "<group>";
		};
/* End PBXVariantGroup section */

/* Begin XCBuildConfiguration section */
		D7726D901F03658800B8F6AB /* Debug */ = {
			isa = XCBuildConfiguration;
			buildSettings = {
				ALWAYS_SEARCH_USER_PATHS = NO;
				CLANG_ANALYZER_NONNULL = YES;
				CLANG_ANALYZER_NUMBER_OBJECT_CONVERSION = YES_AGGRESSIVE;
				CLANG_CXX_LANGUAGE_STANDARD = "gnu++0x";
				CLANG_CXX_LIBRARY = "libc++";
				CLANG_ENABLE_MODULES = YES;
				CLANG_ENABLE_OBJC_ARC = YES;
				CLANG_WARN_BOOL_CONVERSION = YES;
				CLANG_WARN_CONSTANT_CONVERSION = YES;
				CLANG_WARN_DIRECT_OBJC_ISA_USAGE = YES_ERROR;
				CLANG_WARN_DOCUMENTATION_COMMENTS = YES;
				CLANG_WARN_EMPTY_BODY = YES;
				CLANG_WARN_ENUM_CONVERSION = YES;
				CLANG_WARN_INFINITE_RECURSION = YES;
				CLANG_WARN_INT_CONVERSION = YES;
				CLANG_WARN_OBJC_ROOT_CLASS = YES_ERROR;
				CLANG_WARN_SUSPICIOUS_MOVE = YES;
				CLANG_WARN_UNREACHABLE_CODE = YES;
				CLANG_WARN__DUPLICATE_METHOD_MATCH = YES;
				"CODE_SIGN_IDENTITY[sdk=iphoneos*]" = "iPhone Developer";
				COPY_PHASE_STRIP = NO;
				DEBUG_INFORMATION_FORMAT = dwarf;
				ENABLE_STRICT_OBJC_MSGSEND = YES;
				ENABLE_TESTABILITY = YES;
				GCC_C_LANGUAGE_STANDARD = gnu99;
				GCC_DYNAMIC_NO_PIC = NO;
				GCC_NO_COMMON_BLOCKS = YES;
				GCC_OPTIMIZATION_LEVEL = 0;
				GCC_PREPROCESSOR_DEFINITIONS = (
					"DEBUG=1",
					"$(inherited)",
				);
				GCC_WARN_64_TO_32_BIT_CONVERSION = YES;
				GCC_WARN_ABOUT_RETURN_TYPE = YES_ERROR;
				GCC_WARN_UNDECLARED_SELECTOR = YES;
				GCC_WARN_UNINITIALIZED_AUTOS = YES_AGGRESSIVE;
				GCC_WARN_UNUSED_FUNCTION = YES;
				GCC_WARN_UNUSED_VARIABLE = YES;
				IPHONEOS_DEPLOYMENT_TARGET = 10.3;
				MTL_ENABLE_DEBUG_INFO = YES;
				ONLY_ACTIVE_ARCH = YES;
				SDKROOT = iphoneos;
				SWIFT_ACTIVE_COMPILATION_CONDITIONS = DEBUG;
				SWIFT_OPTIMIZATION_LEVEL = "-Onone";
				TARGETED_DEVICE_FAMILY = "1,2";
			};
			name = Debug;
		};
		D7726D911F03658800B8F6AB /* Release */ = {
			isa = XCBuildConfiguration;
			buildSettings = {
				ALWAYS_SEARCH_USER_PATHS = NO;
				CLANG_ANALYZER_NONNULL = YES;
				CLANG_ANALYZER_NUMBER_OBJECT_CONVERSION = YES_AGGRESSIVE;
				CLANG_CXX_LANGUAGE_STANDARD = "gnu++0x";
				CLANG_CXX_LIBRARY = "libc++";
				CLANG_ENABLE_MODULES = YES;
				CLANG_ENABLE_OBJC_ARC = YES;
				CLANG_WARN_BOOL_CONVERSION = YES;
				CLANG_WARN_CONSTANT_CONVERSION = YES;
				CLANG_WARN_DIRECT_OBJC_ISA_USAGE = YES_ERROR;
				CLANG_WARN_DOCUMENTATION_COMMENTS = YES;
				CLANG_WARN_EMPTY_BODY = YES;
				CLANG_WARN_ENUM_CONVERSION = YES;
				CLANG_WARN_INFINITE_RECURSION = YES;
				CLANG_WARN_INT_CONVERSION = YES;
				CLANG_WARN_OBJC_ROOT_CLASS = YES_ERROR;
				CLANG_WARN_SUSPICIOUS_MOVE = YES;
				CLANG_WARN_UNREACHABLE_CODE = YES;
				CLANG_WARN__DUPLICATE_METHOD_MATCH = YES;
				"CODE_SIGN_IDENTITY[sdk=iphoneos*]" = "iPhone Developer";
				COPY_PHASE_STRIP = NO;
				DEBUG_INFORMATION_FORMAT = "dwarf-with-dsym";
				ENABLE_NS_ASSERTIONS = NO;
				ENABLE_STRICT_OBJC_MSGSEND = YES;
				GCC_C_LANGUAGE_STANDARD = gnu99;
				GCC_NO_COMMON_BLOCKS = YES;
				GCC_WARN_64_TO_32_BIT_CONVERSION = YES;
				GCC_WARN_ABOUT_RETURN_TYPE = YES_ERROR;
				GCC_WARN_UNDECLARED_SELECTOR = YES;
				GCC_WARN_UNINITIALIZED_AUTOS = YES_AGGRESSIVE;
				GCC_WARN_UNUSED_FUNCTION = YES;
				GCC_WARN_UNUSED_VARIABLE = YES;
				IPHONEOS_DEPLOYMENT_TARGET = 10.3;
				MTL_ENABLE_DEBUG_INFO = NO;
				SDKROOT = iphoneos;
				SWIFT_OPTIMIZATION_LEVEL = "-Owholemodule";
				TARGETED_DEVICE_FAMILY = "1,2";
				VALIDATE_PRODUCT = YES;
			};
			name = Release;
		};
		D7726D931F03658800B8F6AB /* Debug */ = {
			isa = XCBuildConfiguration;
			buildSettings = {
				ASSETCATALOG_COMPILER_APPICON_NAME = AppIcon;
				DEVELOPMENT_TEAM = 88UZ84VZEF;
				INFOPLIST_FILE = PitchPerfect/Info.plist;
				LD_RUNPATH_SEARCH_PATHS = "$(inherited) @executable_path/Frameworks";
				PRODUCT_BUNDLE_IDENTIFIER = com.denvercoder.PitchPerfect;
				PRODUCT_NAME = "$(TARGET_NAME)";
				SWIFT_VERSION = 3.0;
			};
			name = Debug;
		};
		D7726D941F03658800B8F6AB /* Release */ = {
			isa = XCBuildConfiguration;
			buildSettings = {
				ASSETCATALOG_COMPILER_APPICON_NAME = AppIcon;
				DEVELOPMENT_TEAM = 88UZ84VZEF;
				INFOPLIST_FILE = PitchPerfect/Info.plist;
				LD_RUNPATH_SEARCH_PATHS = "$(inherited) @executable_path/Frameworks";
				PRODUCT_BUNDLE_IDENTIFIER = com.denvercoder.PitchPerfect;
				PRODUCT_NAME = "$(TARGET_NAME)";
				SWIFT_VERSION = 3.0;
			};
			name = Release;
		};
/* End XCBuildConfiguration section */

/* Begin XCConfigurationList section */
		D7726D7B1F03658800B8F6AB /* Build configuration list for PBXProject "PitchPerfect" */ = {
			isa = XCConfigurationList;
			buildConfigurations = (
				D7726D901F03658800B8F6AB /* Debug */,
				D7726D911F03658800B8F6AB /* Release */,
			);
			defaultConfigurationIsVisible = 0;
			defaultConfigurationName = Release;
		};
		D7726D921F03658800B8F6AB /* Build configuration list for PBXNativeTarget "PitchPerfect" */ = {
			isa = XCConfigurationList;
			buildConfigurations = (
				D7726D931F03658800B8F6AB /* Debug */,
				D7726D941F03658800B8F6AB /* Release */,
			);
			defaultConfigurationIsVisible = 0;
			defaultConfigurationName = Release;
		};
/* End XCConfigurationList section */
	};
	rootObject = D7726D781F03658800B8F6AB /* Project object */;
}
